{
  "name": "flyweight",
  "version": "1.0.0",
  "lockfileVersion": 2,
  "requires": true,
  "packages": {
    "": {
      "name": "flyweight",
      "version": "1.0.0",
      "license": "ISC",
      "dependencies": {
        "random-js": "^2.1.0"
      },
      "devDependencies": {
        "@types/random-js": "^2.0.0"
      }
    },
    "node_modules/@types/random-js": {
      "version": "2.0.0",
      "resolved": "https://registry.npmjs.org/@types/random-js/-/random-js-2.0.0.tgz",
      "integrity": "sha512-w5SYoPRTO1mnPbk6A7BRvptNnGtil/F8JKq8IsNq3aPy4gStcUWqO/MwVhUrrumDdMPKCpgv44mP6UToEe3v7g==",
      "deprecated": "This is a stub types definition. random-js provides its own type definitions, so you do not need this installed.",
      "dev": true,
      "dependencies": {
        "random-js": "*"
      }
    },
    "node_modules/random-js": {
      "version": "2.1.0",
      "resolved": "https://registry.npmjs.org/random-js/-/random-js-2.1.0.tgz",
      "integrity": "sha512-CRUyWmnzmZBA7RZSVGq0xMqmgCyPPxbiKNLFA5ud7KenojVX2s7Gv+V7eB52beKTPGxWRnVZ7D/tCIgYJJ8vNQ=="
    }
  },
  "dependencies": {
    "@types/random-js": {
      "version": "2.0.0",
      "resolved": "https://registry.npmjs.org/@types/random-js/-/random-js-2.0.0.tgz",
      "integrity": "sha512-w5SYoPRTO1mnPbk6A7BRvptNnGtil/F8JKq8IsNq3aPy4gStcUWqO/MwVhUrrumDdMPKCpgv44mP6UToEe3v7g==",
      "dev": true,
      "requires": {
        "random-js": "*"
      }
    },
    "random-js": {
      "version": "2.1.0",
      "resolved": "https://registry.npmjs.org/random-js/-/random-js-2.1.0.tgz",
      "integrity": "sha512-CRUyWmnzmZBA7RZSVGq0xMqmgCyPPxbiKNLFA5ud7KenojVX2s7Gv+V7eB52beKTPGxWRnVZ7D/tCIgYJJ8vNQ=="
    }
  }
}
